
Microsoft Visual Studio Solution File, Format Version 12.00
# Visual Studio Version 17
VisualStudioVersion = 17.11.35327.3
MinimumVisualStudioVersion = 10.0.40219.1
Project("{FAE04EC0-301F-11D3-BF4B-00C04F79EFBC}") = "lista_exercicios2", "lista_exercicios2\lista_exercicios2.csproj", "{6150A2B0-C2DC-4AC6-9458-7D4C854800C9}"
EndProject
Global
	GlobalSection(SolutionConfigurationPlatforms) = preSolution
		Debug|Any CPU = Debug|Any CPU
		Release|Any CPU = Release|Any CPU
	EndGlobalSection
	GlobalSection(ProjectConfigurationPlatforms) = postSolution
		{6150A2B0-C2DC-4AC6-9458-7D4C854800C9}.Debug|Any CPU.ActiveCfg = Debug|Any CPU
		{6150A2B0-C2DC-4AC6-9458-7D4C854800C9}.Debug|Any CPU.Build.0 = Debug|Any CPU
		{6150A2B0-C2DC-4AC6-9458-7D4C854800C9}.Release|Any CPU.ActiveCfg = Release|Any CPU
		{6150A2B0-C2DC-4AC6-9458-7D4C854800C9}.Release|Any CPU.Build.0 = Release|Any CPU
	EndGlobalSection
	GlobalSection(SolutionProperties) = preSolution
		HideSolutionNode = FALSE
	EndGlobalSection
	GlobalSection(ExtensibilityGlobals) = postSolution
		SolutionGuid = {501BC55F-DF4D-4CA7-91DF-75C280C8B083}
	EndGlobalSection
EndGlobal
